
Microsoft Visual Studio Solution File, Format Version 12.00
# Visual Studio Version 16
VisualStudioVersion = 16.0.31313.79
MinimumVisualStudioVersion = 10.0.40219.1
Project("{FAE04EC0-301F-11D3-BF4B-00C04F79EFBC}") = "ArtikalAPI", "ArtikalAPI\ArtikalAPI.csproj", "{416204E2-FA37-45BA-8EF7-F39A4A34CAAA}"
EndProject
Global
	GlobalSection(SolutionConfigurationPlatforms) = preSolution
		Debug|Any CPU = Debug|Any CPU
		Release|Any CPU = Release|Any CPU
	EndGlobalSection
	GlobalSection(ProjectConfigurationPlatforms) = postSolution
		{416204E2-FA37-45BA-8EF7-F39A4A34CAAA}.Debug|Any CPU.ActiveCfg = Debug|Any CPU
		{416204E2-FA37-45BA-8EF7-F39A4A34CAAA}.Debug|Any CPU.Build.0 = Debug|Any CPU
		{416204E2-FA37-45BA-8EF7-F39A4A34CAAA}.Release|Any CPU.ActiveCfg = Release|Any CPU
		{416204E2-FA37-45BA-8EF7-F39A4A34CAAA}.Release|Any CPU.Build.0 = Release|Any CPU
	EndGlobalSection
	GlobalSection(SolutionProperties) = preSolution
		HideSolutionNode = FALSE
	EndGlobalSection
	GlobalSection(ExtensibilityGlobals) = postSolution
		SolutionGuid = {C0964D6A-917D-42D6-9CDB-0270EA8AFC88}
	EndGlobalSection
EndGlobal
